
Microsoft Visual Studio Solution File, Format Version 12.00
# Visual Studio 15
VisualStudioVersion = 15.0.33026.149
MinimumVisualStudioVersion = 10.0.40219.1
Project("{FAE04EC0-301F-11D3-BF4B-00C04F79EFBC}") = "Dz6.Ryabikov.UTS_22", "Dz6.Ryabikov.UTS_22\Dz6.Ryabikov.UTS_22.csproj", "{411F8EBE-5153-41CC-8E13-5570223F02E1}"
EndProject
Global
	GlobalSection(SolutionConfigurationPlatforms) = preSolution
		Debug|Any CPU = Debug|Any CPU
		Release|Any CPU = Release|Any CPU
	EndGlobalSection
	GlobalSection(ProjectConfigurationPlatforms) = postSolution
		{411F8EBE-5153-41CC-8E13-5570223F02E1}.Debug|Any CPU.ActiveCfg = Debug|Any CPU
		{411F8EBE-5153-41CC-8E13-5570223F02E1}.Debug|Any CPU.Build.0 = Debug|Any CPU
		{411F8EBE-5153-41CC-8E13-5570223F02E1}.Release|Any CPU.ActiveCfg = Release|Any CPU
		{411F8EBE-5153-41CC-8E13-5570223F02E1}.Release|Any CPU.Build.0 = Release|Any CPU
	EndGlobalSection
	GlobalSection(SolutionProperties) = preSolution
		HideSolutionNode = FALSE
	EndGlobalSection
	GlobalSection(ExtensibilityGlobals) = postSolution
		SolutionGuid = {21B3129A-E705-4724-AF61-78B87B1E8444}
	EndGlobalSection
EndGlobal
